
Microsoft Visual Studio Solution File, Format Version 12.00
# Visual Studio 15
VisualStudioVersion = 15.0.26730.16
MinimumVisualStudioVersion = 10.0.40219.1
Project("{8BC9CEB8-8B4A-11D0-8D11-00A0C91BC942}") = "2.25", "2.25\2.25.vcxproj", "{DE1FEFE7-FCD8-48F9-B04A-F01B9AF90945}"
EndProject
Global
	GlobalSection(SolutionConfigurationPlatforms) = preSolution
		Debug|x64 = Debug|x64
		Debug|x86 = Debug|x86
		Release|x64 = Release|x64
		Release|x86 = Release|x86
	EndGlobalSection
	GlobalSection(ProjectConfigurationPlatforms) = postSolution
		{DE1FEFE7-FCD8-48F9-B04A-F01B9AF90945}.Debug|x64.ActiveCfg = Debug|x64
		{DE1FEFE7-FCD8-48F9-B04A-F01B9AF90945}.Debug|x64.Build.0 = Debug|x64
		{DE1FEFE7-FCD8-48F9-B04A-F01B9AF90945}.Debug|x86.ActiveCfg = Debug|Win32
		{DE1FEFE7-FCD8-48F9-B04A-F01B9AF90945}.Debug|x86.Build.0 = Debug|Win32
		{DE1FEFE7-FCD8-48F9-B04A-F01B9AF90945}.Release|x64.ActiveCfg = Release|x64
		{DE1FEFE7-FCD8-48F9-B04A-F01B9AF90945}.Release|x64.Build.0 = Release|x64
		{DE1FEFE7-FCD8-48F9-B04A-F01B9AF90945}.Release|x86.ActiveCfg = Release|Win32
		{DE1FEFE7-FCD8-48F9-B04A-F01B9AF90945}.Release|x86.Build.0 = Release|Win32
	EndGlobalSection
	GlobalSection(SolutionProperties) = preSolution
		HideSolutionNode = FALSE
	EndGlobalSection
	GlobalSection(ExtensibilityGlobals) = postSolution
		SolutionGuid = {B758D1B4-4FB1-4565-A8B6-3FF8CAE29ABE}
	EndGlobalSection
EndGlobal
